{
  "nodes": {
    "nixpkgs": {
      "locked": {
        "lastModified": 1618467905,
        "narHash": "sha256-T5J91HMTXLcRK7PgN/a7gU9Mv0skkrdyF2q4PSyqUzk=",
        "owner": "NixOS",
        "repo": "nixpkgs",
        "rev": "7bf3b1fe952dcc59a8d3e9c5f6c99d6401ee49c7",
        "type": "github"
      },
      "original": {
        "id": "nixpkgs",
        "type": "indirect"
      }
    },
    "root": {
      "inputs": {
        "nixpkgs": "nixpkgs"
      }
    }
  },
  "root": "root",
  "version": 7
}
