{
  "nodes": {
    "nixpkgs": {
      "locked": {
        "lastModified": 1618407731,
        "narHash": "sha256-ks5XvRPDpt+CEiIAfqo0CxOzNQHdFiR7hRwGjVySzgk=",
        "owner": "NixOS",
        "repo": "nixpkgs",
        "rev": "55ac7d4580c9ab67848c98cb9519317a1cc399c8",
        "type": "github"
      },
      "original": {
        "id": "nixpkgs",
        "type": "indirect"
      }
    },
    "root": {
      "inputs": {
        "nixpkgs": "nixpkgs"
      }
    }
  },
  "root": "root",
  "version": 7
}
